
Microsoft Visual Studio Solution File, Format Version 12.00
# Visual Studio 15
VisualStudioVersion = 15.0.28010.2026
MinimumVisualStudioVersion = 10.0.40219.1
Project("{FAE04EC0-301F-11D3-BF4B-00C04F79EFBC}") = "FireScratch.Client", "FireScratch.Client\FireScratch.Client.csproj", "{C670173C-1EE8-4287-821F-C730C9CCF04E}"
EndProject
Project("{6EC3EE1D-3C4E-46DD-8F32-0CC8E7565705}") = "FireScratch.Core", "FireScratch.Core\FireScratch.Core.fsproj", "{7C55C3AE-D1A8-49E7-8ECE-09BC66C3EA8F}"
EndProject
Project("{FAE04EC0-301F-11D3-BF4B-00C04F79EFBC}") = "FireScratch.Proxy", "FireScratch.Proxy\FireScratch.Proxy.csproj", "{A19FA510-C25C-40AB-9A34-8FD4FB2ECE9E}"
EndProject
Project("{2150E333-8FDC-42A3-9474-1A3956D46DE8}") = "test", "test", "{2ADA559D-2454-4F17-AC57-F880D2674913}"
EndProject
Global
	GlobalSection(SolutionConfigurationPlatforms) = preSolution
		Debug|Any CPU = Debug|Any CPU
		Release|Any CPU = Release|Any CPU
	EndGlobalSection
	GlobalSection(ProjectConfigurationPlatforms) = postSolution
		{C670173C-1EE8-4287-821F-C730C9CCF04E}.Debug|Any CPU.ActiveCfg = Debug|Any CPU
		{C670173C-1EE8-4287-821F-C730C9CCF04E}.Debug|Any CPU.Build.0 = Debug|Any CPU
		{C670173C-1EE8-4287-821F-C730C9CCF04E}.Release|Any CPU.ActiveCfg = Release|Any CPU
		{C670173C-1EE8-4287-821F-C730C9CCF04E}.Release|Any CPU.Build.0 = Release|Any CPU
		{7C55C3AE-D1A8-49E7-8ECE-09BC66C3EA8F}.Debug|Any CPU.ActiveCfg = Debug|Any CPU
		{7C55C3AE-D1A8-49E7-8ECE-09BC66C3EA8F}.Debug|Any CPU.Build.0 = Debug|Any CPU
		{7C55C3AE-D1A8-49E7-8ECE-09BC66C3EA8F}.Release|Any CPU.ActiveCfg = Release|Any CPU
		{7C55C3AE-D1A8-49E7-8ECE-09BC66C3EA8F}.Release|Any CPU.Build.0 = Release|Any CPU
		{A19FA510-C25C-40AB-9A34-8FD4FB2ECE9E}.Debug|Any CPU.ActiveCfg = Debug|Any CPU
		{A19FA510-C25C-40AB-9A34-8FD4FB2ECE9E}.Debug|Any CPU.Build.0 = Debug|Any CPU
		{A19FA510-C25C-40AB-9A34-8FD4FB2ECE9E}.Release|Any CPU.ActiveCfg = Release|Any CPU
		{A19FA510-C25C-40AB-9A34-8FD4FB2ECE9E}.Release|Any CPU.Build.0 = Release|Any CPU
	EndGlobalSection
	GlobalSection(SolutionProperties) = preSolution
		HideSolutionNode = FALSE
	EndGlobalSection
	GlobalSection(NestedProjects) = preSolution
		{C670173C-1EE8-4287-821F-C730C9CCF04E} = {2ADA559D-2454-4F17-AC57-F880D2674913}
	EndGlobalSection
	GlobalSection(ExtensibilityGlobals) = postSolution
		SolutionGuid = {9E53995D-BAB7-428A-BEE3-6A533AB35CC1}
	EndGlobalSection
EndGlobal
